<?xml version="1.0" encoding="utf-8"?>
<Project ToolsVersion="4.0" xmlns="http://schemas.microsoft.com/developer/msbuild/2003">
  <ItemGroup>
    <Filter Include="Source Files">
      <UniqueIdentifier>{4FC737F1-C7A5-4376-A066-2A32D752A2FF}</UniqueIdentifier>
      <Extensions>cpp;c;cc;cxx;def;odl;idl;hpj;bat;asm;asmx</Extensions>
    </Filter>
    <Filter Include="Header Files">
      <UniqueIdentifier>{93995380-89BD-4b04-88EB-625FBE52EBFB}</UniqueIdentifier>
      <Extensions>h;hh;hpp;hxx;hm;inl;inc;xsd</Extensions>
    </Filter>
    <Filter Include="Resource Files">
      <UniqueIdentifier>{67DA6AB6-F800-4c08-8B7A-83BB121AAD01}</UniqueIdentifier>
      <Extensions>rc;ico;cur;bmp;dlg;rc2;rct;bin;rgs;gif;jpg;jpeg;jpe;resx;tiff;tif;png;wav;mfcribbon-ms</Extensions>
    </Filter>
  </ItemGroup>
  <ItemGroup>
    <Text Include="readme.txt" />
  </ItemGroup>
  <ItemGroup>
    <ClCompile Include="..\..\mrbgems\mruby-apr\src\mruby_apr_array_header_t.cpp">
      <Filter>Source Files</Filter>
    </ClCompile>
    <ClCompile Include="..\..\mrbgems\mruby-apr\src\mruby_APR_boxing.cpp">
      <Filter>Source Files</Filter>
    </ClCompile>
    <ClCompile Include="..\..\mrbgems\mruby-apr\src\mruby_apr_crypto_hash_t.cpp">
      <Filter>Source Files</Filter>
    </ClCompile>
    <ClCompile Include="..\..\mrbgems\mruby-apr\src\mruby_apr_dir_t.cpp">
      <Filter>Source Files</Filter>
    </ClCompile>
    <ClCompile Include="..\..\mrbgems\mruby-apr\src\mruby_apr_dso_handle_t.cpp">
      <Filter>Source Files</Filter>
    </ClCompile>
    <ClCompile Include="..\..\mrbgems\mruby-apr\src\mruby_apr_file_t.cpp">
      <Filter>Source Files</Filter>
    </ClCompile>
    <ClCompile Include="..\..\mrbgems\mruby-apr\src\mruby_apr_finfo_t.cpp">
      <Filter>Source Files</Filter>
    </ClCompile>
    <ClCompile Include="..\..\mrbgems\mruby-apr\src\mruby_apr_getopt_option_t.cpp">
      <Filter>Source Files</Filter>
    </ClCompile>
    <ClCompile Include="..\..\mrbgems\mruby-apr\src\mruby_apr_getopt_t.cpp">
      <Filter>Source Files</Filter>
    </ClCompile>
    <ClCompile Include="..\..\mrbgems\mruby-apr\src\mruby_apr_hdtr_t.cpp">
      <Filter>Source Files</Filter>
    </ClCompile>
    <ClCompile Include="..\..\mrbgems\mruby-apr\src\mruby_apr_memnode_t.cpp">
      <Filter>Source Files</Filter>
    </ClCompile>
    <ClCompile Include="..\..\mrbgems\mruby-apr\src\mruby_apr_mmap_t.cpp">
      <Filter>Source Files</Filter>
    </ClCompile>
    <ClCompile Include="..\..\mrbgems\mruby-apr\src\mruby_apr_os_sock_info_t.cpp">
      <Filter>Source Files</Filter>
    </ClCompile>
    <ClCompile Include="..\..\mrbgems\mruby-apr\src\mruby_apr_other_child_rec_t.cpp">
      <Filter>Source Files</Filter>
    </ClCompile>
    <ClCompile Include="..\..\mrbgems\mruby-apr\src\mruby_apr_pollfd_t.cpp">
      <Filter>Source Files</Filter>
    </ClCompile>
    <ClCompile Include="..\..\mrbgems\mruby-apr\src\mruby_apr_proc_mutex_t.cpp">
      <Filter>Source Files</Filter>
    </ClCompile>
    <ClCompile Include="..\..\mrbgems\mruby-apr\src\mruby_apr_proc_t.cpp">
      <Filter>Source Files</Filter>
    </ClCompile>
    <ClCompile Include="..\..\mrbgems\mruby-apr\src\mruby_apr_procattr_t.cpp">
      <Filter>Source Files</Filter>
    </ClCompile>
    <ClCompile Include="..\..\mrbgems\mruby-apr\src\mruby_apr_sockaddr_t.cpp">
      <Filter>Source Files</Filter>
    </ClCompile>
    <ClCompile Include="..\..\mrbgems\mruby-apr\src\mruby_apr_socket_t.cpp">
      <Filter>Source Files</Filter>
    </ClCompile>
    <ClCompile Include="..\..\mrbgems\mruby-apr\src\mruby_apr_table_entry_t.cpp">
      <Filter>Source Files</Filter>
    </ClCompile>
    <ClCompile Include="..\..\mrbgems\mruby-apr\src\mruby_apr_thread_cond_t.cpp">
      <Filter>Source Files</Filter>
    </ClCompile>
    <ClCompile Include="..\..\mrbgems\mruby-apr\src\mruby_apr_thread_mutex_t.cpp">
      <Filter>Source Files</Filter>
    </ClCompile>
    <ClCompile Include="..\..\mrbgems\mruby-apr\src\mruby_apr_thread_once_t.cpp">
      <Filter>Source Files</Filter>
    </ClCompile>
    <ClCompile Include="..\..\mrbgems\mruby-apr\src\mruby_apr_thread_rwlock_t.cpp">
      <Filter>Source Files</Filter>
    </ClCompile>
    <ClCompile Include="..\..\mrbgems\mruby-apr\src\mruby_apr_thread_t.cpp">
      <Filter>Source Files</Filter>
    </ClCompile>
    <ClCompile Include="..\..\mrbgems\mruby-apr\src\mruby_apr_threadattr_t.cpp">
      <Filter>Source Files</Filter>
    </ClCompile>
    <ClCompile Include="..\..\mrbgems\mruby-apr\src\mruby_apr_threadkey_t.cpp">
      <Filter>Source Files</Filter>
    </ClCompile>
    <ClCompile Include="..\..\mrbgems\mruby-apr\src\mruby_apr_time_exp_t.cpp">
      <Filter>Source Files</Filter>
    </ClCompile>
    <ClCompile Include="..\..\mrbgems\mruby-apr\src\mruby_apr_version_t.cpp">
      <Filter>Source Files</Filter>
    </ClCompile>
    <ClCompile Include="..\..\mrbgems\mruby-apr\src\mruby_apr_vformatter_buff_t.cpp">
      <Filter>Source Files</Filter>
    </ClCompile>
    <ClCompile Include="..\..\mrbgems\mruby-apr\src\mruby_APR.cpp">
      <Filter>Source Files</Filter>
    </ClCompile>
    <ClCompile Include="..\..\mrbgems\mruby-apr\src\mruby_apr_allocator_t.cpp">
      <Filter>Source Files</Filter>
    </ClCompile>
    <ClCompile Include="..\..\mrbgems\mruby-apr\src\mruby_apr_hash_index_t.cpp">
      <Filter>Source Files</Filter>
    </ClCompile>
    <ClCompile Include="..\..\mrbgems\mruby-apr\src\mruby_apr_hash_t.cpp">
      <Filter>Source Files</Filter>
    </ClCompile>
    <ClCompile Include="..\..\mrbgems\mruby-apr\src\mruby_apr_ipsubnet_t.cpp">
      <Filter>Source Files</Filter>
    </ClCompile>
    <ClCompile Include="..\..\mrbgems\mruby-apr\src\mruby_apr_pollcb_t.cpp">
      <Filter>Source Files</Filter>
    </ClCompile>
    <ClCompile Include="..\..\mrbgems\mruby-apr\src\mruby_apr_pollset_t.cpp">
      <Filter>Source Files</Filter>
    </ClCompile>
    <ClCompile Include="..\..\mrbgems\mruby-apr\src\mruby_apr_pool_t.cpp">
      <Filter>Source Files</Filter>
    </ClCompile>
    <ClCompile Include="..\..\mrbgems\mruby-apr\src\mruby_apr_random_t.cpp">
      <Filter>Source Files</Filter>
    </ClCompile>
    <ClCompile Include="..\..\mrbgems\mruby-apr\src\mruby_apr_shm_t.cpp">
      <Filter>Source Files</Filter>
    </ClCompile>
    <ClCompile Include="..\..\mrbgems\mruby-apr\src\mruby_apr_skiplist.cpp">
      <Filter>Source Files</Filter>
    </ClCompile>
    <ClCompile Include="..\..\mrbgems\mruby-apr\src\mruby_apr_skiplistnode.cpp">
      <Filter>Source Files</Filter>
    </ClCompile>
    <ClCompile Include="..\..\mrbgems\mruby-apr\src\mruby_apr_table_t.cpp">
      <Filter>Source Files</Filter>
    </ClCompile>
    <ClCompile Include="..\..\mrbgems\mruby-apr\src\mruby_APR_macro_constants.cpp">
      <Filter>Source Files</Filter>
    </ClCompile>
    <ClCompile Include="..\..\mrbgems\mruby-nanomsg\src\mruby_NN.cpp">
      <Filter>Source Files</Filter>
    </ClCompile>
    <ClCompile Include="..\..\mrbgems\mruby-nanomsg\src\mruby_NN_boxing.cpp">
      <Filter>Source Files</Filter>
    </ClCompile>
    <ClCompile Include="..\..\mrbgems\mruby-nanomsg\src\mruby_nn_cmsghdr.cpp">
      <Filter>Source Files</Filter>
    </ClCompile>
    <ClCompile Include="..\..\mrbgems\mruby-nanomsg\src\mruby_nn_cp.cpp">
      <Filter>Source Files</Filter>
    </ClCompile>
    <ClCompile Include="..\..\mrbgems\mruby-nanomsg\src\mruby_nn_ctx.cpp">
      <Filter>Source Files</Filter>
    </ClCompile>
    <ClCompile Include="..\..\mrbgems\mruby-nanomsg\src\mruby_nn_ep.cpp">
      <Filter>Source Files</Filter>
    </ClCompile>
    <ClCompile Include="..\..\mrbgems\mruby-nanomsg\src\mruby_nn_ep_options.cpp">
      <Filter>Source Files</Filter>
    </ClCompile>
    <ClCompile Include="..\..\mrbgems\mruby-nanomsg\src\mruby_nn_epbase.cpp">
      <Filter>Source Files</Filter>
    </ClCompile>
    <ClCompile Include="..\..\mrbgems\mruby-nanomsg\src\mruby_nn_epbase_vfptr.cpp">
      <Filter>Source Files</Filter>
    </ClCompile>
    <ClCompile Include="..\..\mrbgems\mruby-nanomsg\src\mruby_nn_iovec.cpp">
      <Filter>Source Files</Filter>
    </ClCompile>
    <ClCompile Include="..\..\mrbgems\mruby-nanomsg\src\mruby_NN_macro_constants.cpp">
      <Filter>Source Files</Filter>
    </ClCompile>
    <ClCompile Include="..\..\mrbgems\mruby-nanomsg\src\mruby_nn_msghdr.cpp">
      <Filter>Source Files</Filter>
    </ClCompile>
    <ClCompile Include="..\..\mrbgems\mruby-nanomsg\src\mruby_nn_optset.cpp">
      <Filter>Source Files</Filter>
    </ClCompile>
    <ClCompile Include="..\..\mrbgems\mruby-nanomsg\src\mruby_nn_optset_vfptr.cpp">
      <Filter>Source Files</Filter>
    </ClCompile>
    <ClCompile Include="..\..\mrbgems\mruby-nanomsg\src\mruby_nn_pipe.cpp">
      <Filter>Source Files</Filter>
    </ClCompile>
    <ClCompile Include="..\..\mrbgems\mruby-nanomsg\src\mruby_nn_pipebase.cpp">
      <Filter>Source Files</Filter>
    </ClCompile>
    <ClCompile Include="..\..\mrbgems\mruby-nanomsg\src\mruby_nn_pipebase_vfptr.cpp">
      <Filter>Source Files</Filter>
    </ClCompile>
    <ClCompile Include="..\..\mrbgems\mruby-nanomsg\src\mruby_nn_pollfd.cpp">
      <Filter>Source Files</Filter>
    </ClCompile>
    <ClCompile Include="..\..\mrbgems\mruby-nanomsg\src\mruby_nn_sock.cpp">
      <Filter>Source Files</Filter>
    </ClCompile>
    <ClCompile Include="..\..\mrbgems\mruby-nanomsg\src\mruby_nn_sockbase.cpp">
      <Filter>Source Files</Filter>
    </ClCompile>
    <ClCompile Include="..\..\mrbgems\mruby-nanomsg\src\mruby_nn_sockbase_vfptr.cpp">
      <Filter>Source Files</Filter>
    </ClCompile>
    <ClCompile Include="..\..\mrbgems\mruby-nanomsg\src\mruby_nn_socktype.cpp">
      <Filter>Source Files</Filter>
    </ClCompile>
    <ClCompile Include="..\..\mrbgems\mruby-nanomsg\src\mruby_nn_symbol_properties.cpp">
      <Filter>Source Files</Filter>
    </ClCompile>
    <ClCompile Include="..\..\mrbgems\mruby-nanomsg\src\mruby_nn_transport.cpp">
      <Filter>Source Files</Filter>
    </ClCompile>
  </ItemGroup>
  <ItemGroup>
    <ClInclude Include="..\..\mrbgems\mruby-apr\include\mruby_APR.h">
      <Filter>Header Files</Filter>
    </ClInclude>
    <ClInclude Include="..\..\mrbgems\mruby-nanomsg\include\mruby_NN.h">
      <Filter>Header Files</Filter>
    </ClInclude>
  </ItemGroup>
</Project>